hash: 47bee377428b65db7c467bc9352d2119a1c06248080648d5ddc770dc2c92c1fe
updated: 2018-08-21T13:22:53.1701885+09:00
imports:
- name: github.com/aergoio/aergo-actor
  version: acc741aa36603bef00d050c5a888fb0a81b48923
  subpackages:
  - actor
  - eventstream
  - internal/queue/goring
  - internal/queue/mpsc
  - mailbox
- name: github.com/aergoio/aergo-lib
  version: dad163a46b6aedafb6ca5a00620168e27235022a
  subpackages:
  - config
  - db
  - log
- name: github.com/agl/ed25519
  version: 5312a61534124124185d41f09206b9fef1d88403
  subpackages:
  - edwards25519
  - extra25519
- name: github.com/AndreasBriese/bbloom
  version: 28f7e881ca57bc00e028f9ede9f0d9104cfeef5e
- name: github.com/btcsuite/btcd
  version: f899737d7f2764dc13e4d01ff00108ec58f766a9
  subpackages:
  - btcec
- name: github.com/coreos/go-semver
  version: e214231b295a8ea9479f11b70b35d5acf3556d9b
  subpackages:
  - semver
- name: github.com/davecgh/go-spew
  version: 8991bc29aa16c548c550c7ff78260e27b9ab7c73
  subpackages:
  - spew
- name: github.com/dgraph-io/badger
  version: 391b6d3b93e6014fe8c2971fcc0c1266e47dbbd9
  subpackages:
  - options
  - protos
  - skl
  - table
  - "y"
- name: github.com/dgryski/go-farm
  version: 2de33835d10275975374b37b2dcfd22c9020a1f5
- name: github.com/emirpasic/gods
  version: bba54c718c4e39e4db35f73e0c660df44a4de4cd
  subpackages:
  - containers
  - lists
  - lists/singlylinkedlist
  - stacks
  - stacks/linkedliststack
  - utils
- name: github.com/fd/go-nat
  version: bad65a492f32121a87197f4a085905c35e2a367e
- name: github.com/fsnotify/fsnotify
  version: c2828203cd70a50dcccfb2761f8b1f8ceef9a8e9
- name: github.com/gogo/protobuf
  version: 636bf0302bc95575d69441b25a2603156ffdddf1
  subpackages:
  - gogoproto
  - io
  - jsonpb
  - proto
  - protoc-gen-gogo/descriptor
  - sortkeys
  - types
- name: github.com/golang/protobuf
  version: b4deda0973fb4c70b50d226b1af49f3da59f5265
  subpackages:
  - proto
  - ptypes
  - ptypes/any
  - ptypes/duration
  - ptypes/timestamp
- name: github.com/google/uuid
  version: dec09d789f3dba190787f8b4454c7d3c936fed9e
- name: github.com/gorilla/websocket
  version: 3ff3320c2a1756a3691521efc290b4701575147c
- name: github.com/gxed/eventfd
  version: 80a92cca79a8041496ccc9dd773fcb52a57ec6f9
- name: github.com/gxed/GoEndian
  version: 0f5c6873267e5abf306ffcdfcfa4bf77517ef4a7
- name: github.com/gxed/hashland
  version: d9f6b97f8db22dd1e090fd0bbbe98f09cc7dd0a8
  subpackages:
  - keccakpg
- name: github.com/hashicorp/golang-lru
  version: 0fb14efe8c47ae851c0034ed7a448854d3d34cf3
  subpackages:
  - simplelru
- name: github.com/hashicorp/hcl
  version: ef8a98b0bbce4a65b5aa4c368430a80ddc533168
  subpackages:
  - hcl/ast
  - hcl/parser
  - hcl/printer
  - hcl/scanner
  - hcl/strconv
  - hcl/token
  - json/parser
  - json/scanner
  - json/token
- name: github.com/huin/goupnp
  version: 1395d1447324cbea88d249fbfcfd70ea878fdfca
  subpackages:
  - dcps/internetgateway1
  - dcps/internetgateway2
  - httpu
  - scpd
  - soap
  - ssdp
- name: github.com/improbable-eng/grpc-web
  version: 72eb701d6f320ca324b3347c7925a720b553eae5
  subpackages:
  - go/grpcweb
- name: github.com/inconshreveable/mousetrap
  version: 76626ae9c91c4f2a10f34cad8ce83ea42c93bb75
- name: github.com/ipfs/go-log
  version: c7aaf1b331fc94709d5e44a6a094dfb4f49a8b96
  subpackages:
  - tracer
  - tracer/wire
  - writer
- name: github.com/jackpal/gateway
  version: cbcf4e3f3baee7952fc386c8b2534af4d267c875
- name: github.com/jackpal/go-nat-pmp
  version: 28a68d0c24adce1da43f8df6a57340909ecd7fdd
- name: github.com/jbenet/go-temp-err-catcher
  version: aac704a3f4f27190b4ccc05f303a4931fd1241ff
- name: github.com/jbenet/goprocess
  version: b497e2f366b8624394fb2e89c10ab607bebdde0b
  subpackages:
  - context
  - periodic
  - ratelimit
- name: github.com/libp2p/go-addr-util
  version: 26ae616f0dac754fff557513e984f930fbd88a92
- name: github.com/libp2p/go-conn-security
  version: 8253ac4922e0d48c857cb0bcccd52f9f4e8c2879
  subpackages:
  - insecure
- name: github.com/libp2p/go-conn-security-multistream
  version: 4e10ef6125f10736e3752274d80a2d9e78f96c0e
- name: github.com/libp2p/go-flow-metrics
  version: 3b3bcfcf78f2dc0e85be13ef3c3adc64cc5a9347
- name: github.com/libp2p/go-libp2p
  version: cc70c4be36f765ba9fb92d6e0528722773af607d
  subpackages:
  - config
  - p2p/host/basic
  - p2p/protocol/identify
  - p2p/protocol/identify/pb
- name: github.com/libp2p/go-libp2p-circuit
  version: 2dd713bc37f7bff06b1d30e1dc5e2e0eb99474d3
  subpackages:
  - pb
- name: github.com/libp2p/go-libp2p-crypto
  version: 50487e0f0b4842e9e657317e689fbb8209fab2dc
  subpackages:
  - pb
- name: github.com/libp2p/go-libp2p-host
  version: 3a144e88cb78109859a56673fba16b4ecf100911
- name: github.com/libp2p/go-libp2p-interface-connmgr
  version: 98fc99ba761842156907db43045f546e8e6bba3d
- name: github.com/libp2p/go-libp2p-interface-pnet
  version: 86e6fc84b906599eac696308369896ece0ced63b
- name: github.com/libp2p/go-libp2p-loggables
  version: 58a5d94871458043fc0797727b24fc77a94f203b
- name: github.com/libp2p/go-libp2p-metrics
  version: 248d3d2b55aa5d50a6b2d50e4a8c02d5c05cdb2e
- name: github.com/libp2p/go-libp2p-nat
  version: 491e7233bd3877ec8dafbab465cf5ac70e32fced
- name: github.com/libp2p/go-libp2p-net
  version: 768042eff9184fcd5fb7fea7ecbd845f9e940e20
- name: github.com/libp2p/go-libp2p-peer
  version: 554a9b76b860b599d3ef0806a142fdd2c2e9a3d6
- name: github.com/libp2p/go-libp2p-peerstore
  version: 3a59fa1e0084b0ffefa9f386092efe408095f0d2
  subpackages:
  - addr
- name: github.com/libp2p/go-libp2p-protocol
  version: e34f0d7468b3519bf9bf4e43c1d028ce651eab51
- name: github.com/libp2p/go-libp2p-secio
  version: f559d0ac7708052c78755434f1f40beec315753c
  subpackages:
  - pb
- name: github.com/libp2p/go-libp2p-swarm
  version: a00fa8aa37a812f404bfa9b9d3dccc82a66029cf
- name: github.com/libp2p/go-libp2p-transport
  version: 867da4c7b138a8f9cc392feaed6d81fa68ba846a
- name: github.com/libp2p/go-libp2p-transport-upgrader
  version: e0a14ed8f3b645f13116a3ded747c1ab78a7db9d
- name: github.com/libp2p/go-maddr-filter
  version: 57fd7e2ed649ba28b4f2c7bcab3a606e7cc4b12c
- name: github.com/libp2p/go-msgio
  version: d82125c9907e1365775356505f14277d47dfd4d6
  subpackages:
  - mpool
- name: github.com/libp2p/go-reuseport
  version: 562c3ba3003e80c9829992a6c1a760d51eb0792b
  subpackages:
  - poll
  - singlepoll
- name: github.com/libp2p/go-reuseport-transport
  version: 90b3b0a82752ab21f0c7fc2921335eabb64077c5
- name: github.com/libp2p/go-sockaddr
  version: 3c898fbfff40e5933d76362819727708dae6da97
  subpackages:
  - net
- name: github.com/libp2p/go-stream-muxer
  version: 9c6bd93eecbbab56630bb2688bb435d9fd1dfeb1
- name: github.com/libp2p/go-tcp-transport
  version: fe589acfccf03c8ab406e7e26017e13b18566500
- name: github.com/libp2p/go-ws-transport
  version: c8089c5609a4af37e15af076d2daba66d126d850
- name: github.com/magiconair/properties
  version: c2353362d570a7bfa228149c62842019201cfb71
- name: github.com/mattn/go-colorable
  version: efa589957cd060542a26d2dd7832fd6a6c6c3ade
- name: github.com/mattn/go-isatty
  version: 6ca4dbf54d38eea1a992b3c722a76a5d1c4cb25c
- name: github.com/minio/blake2b-simd
  version: 3f5f724cb5b182a5c278d6d3d55b40e7f8c2efb4
- name: github.com/minio/sha256-simd
  version: ad98a36ba0da87206e3378c556abbfeaeaa98668
- name: github.com/mitchellh/mapstructure
  version: f15292f7a699fcc1a38a80977f80a046874ba8ac
- name: github.com/mr-tron/base58
  version: f84df45a6b88974a98d1473e9f0de0eac859a3d9
  subpackages:
  - base58
- name: github.com/multiformats/go-multiaddr
  version: f36800afeb9c141e1adb7da099e6f010dfd4c419
- name: github.com/multiformats/go-multiaddr-dns
  version: b431cd0a670beb991d0d0dc3defd2b89125aa34e
- name: github.com/multiformats/go-multiaddr-net
  version: 4d4b901d1729f55ee20cc0c8d8021aa58eb5ebe3
- name: github.com/multiformats/go-multicodec
  version: 65c82c261bfdac27035eb81f3b0f0fc55edbc536
  subpackages:
  - protobuf
- name: github.com/multiformats/go-multihash
  version: 8be2a682ab9f254311de1375145a2f78a809b07d
- name: github.com/multiformats/go-multistream
  version: 2b032632ecab1e1b98c8d2391a4f6ab9a6c9e140
- name: github.com/opentracing/opentracing-go
  version: bd9c3193394760d98b2fa6ebb2291f0cd1d06a7d
  subpackages:
  - ext
  - log
- name: github.com/orcaman/concurrent-map
  version: b28018939af9022337862b94a463abb18abb3e0e
- name: github.com/pelletier/go-toml
  version: c2dbbc24a97911339e01bda0b8cabdbd8f13b602
- name: github.com/pkg/errors
  version: 816c9085562cd7ee03e7f8188a1cfd942858cded
- name: github.com/rcrowley/go-metrics
  version: e2704e165165ec55d062f5919b4b29494e9fa790
- name: github.com/rs/cors
  version: 15587285ef6b6e7a3f657e2e00f9f271883bcf22
- name: github.com/rs/zerolog
  version: 77db4b4f350e31be66a57c332acb7721cf9ff9bb
  subpackages:
  - internal/cbor
  - internal/json
- name: github.com/satori/go.uuid
  version: 36e9d2ebbde5e3f13ab2e25625fd453271d6522e
- name: github.com/soheilhy/cmux
  version: e09e9389d85d8492d313d73d1469c029e710623f
- name: github.com/spaolacci/murmur3
  version: f09979ecbc725b9e6d41a297405f65e7e8804acc
- name: github.com/spf13/afero
  version: 787d034dfe70e44075ccc060d346146ef53270ad
  subpackages:
  - mem
- name: github.com/spf13/cast
  version: 8965335b8c7107321228e3e3702cab9832751bac
- name: github.com/spf13/cobra
  version: ef82de70bb3f60c65fb8eebacbb2d122ef517385
- name: github.com/spf13/jwalterweatherman
  version: 14d3d4c518341bea657dd8a226f5121c0ff8c9f2
- name: github.com/spf13/pflag
  version: 9a97c102cda95a86cec2345a6f09f55a939babf5
- name: github.com/spf13/viper
  version: 907c19d40d9a6c9bb55f040ff4ae45271a4754b9
- name: github.com/whyrusleeping/go-logging
  version: 0457bb6b88fc1973573aaf6b5145d8d3ae972390
- name: github.com/whyrusleeping/go-multiplex
  version: 0cf3aebfba46b9267722f196b12146a7553da895
- name: github.com/whyrusleeping/go-notifier
  version: 097c5d47330ff6a823f67e3515faa13566a62c6f
- name: github.com/whyrusleeping/go-smux-multiplex
  version: cc30230b7c9a992ab1614cf9fb9bfc5f8244f907
- name: github.com/whyrusleeping/go-smux-multistream
  version: c707bf3c25fa380b20b54907790efde288775938
- name: github.com/whyrusleeping/go-smux-yamux
  version: eac25f3e2d47aae211e457e7664b52634c95eea8
- name: github.com/whyrusleeping/mafmt
  version: 1dc32401ee9fdd3f6cdb3405ec984d5dae877b2a
- name: github.com/whyrusleeping/multiaddr-filter
  version: e903e4adabd70b78bc9293b6ee4f359afb3f9f59
- name: github.com/whyrusleeping/yamux
  version: cb29a700b01dc3c2fdd743c00cf54685056bb62a
- name: github.com/Workiva/go-datastructures
  version: f338bf48899950e415caffa02222a7273fbdeaf6
  subpackages:
  - queue
- name: golang.org/x/crypto
  version: 614d502a4dac94afa3a6ce146bd1736da82514c6
  subpackages:
  - blake2s
  - blowfish
  - sha3
  - ssh/terminal
- name: golang.org/x/net
  version: 922f4815f713f213882e8ef45e0d315b164d705c
  subpackages:
  - context
  - html
  - html/atom
  - html/charset
  - http/httpguts
  - http2
  - http2/hpack
  - idna
  - internal/timeseries
  - trace
- name: golang.org/x/sys
  version: 1a700e749ce29638d0bbcb531cce1094ea096bd3
  subpackages:
  - cpu
  - unix
  - windows
- name: golang.org/x/text
  version: 6e3c4e7365ddcc329f090f96e4348398f6310088
  subpackages:
  - encoding
  - encoding/charmap
  - encoding/htmlindex
  - encoding/internal
  - encoding/internal/identifier
  - encoding/japanese
  - encoding/korean
  - encoding/simplifiedchinese
  - encoding/traditionalchinese
  - encoding/unicode
  - internal/language
  - internal/language/compact
  - internal/tag
  - internal/utf8internal
  - language
  - runes
  - secure/bidirule
  - transform
  - unicode/bidi
  - unicode/norm
- name: google.golang.org/genproto
  version: c66870c02cf823ceb633bcd05be3c7cda29976f4
  subpackages:
  - googleapis/rpc/status
- name: google.golang.org/grpc
  version: 168a6198bcb0ef175f7dacec0b8691fc141dc9b8
  subpackages:
  - balancer
  - balancer/base
  - balancer/roundrobin
  - codes
  - connectivity
  - credentials
  - encoding
  - encoding/proto
  - grpclog
  - internal
  - internal/backoff
  - internal/channelz
  - internal/grpcrand
  - keepalive
  - metadata
  - naming
  - peer
  - resolver
  - resolver/dns
  - resolver/passthrough
  - stats
  - status
  - tap
  - transport
- name: gopkg.in/yaml.v2
  version: 5420a8b6744d3b0345ab293f6fcba19c978f1183
testImports:
- name: github.com/pmezard/go-difflib
  version: 792786c7400a136282c1664665ae0a8db921c6c2
  subpackages:
  - difflib
- name: github.com/stretchr/objx
  version: b8b73a35e9830ae509858c10dec5866b4d5c8bff
- name: github.com/stretchr/testify
  version: f35b8ab0b5a2cef36673838d662e249dd9c94686
  subpackages:
  - assert
  - mock
