hash: 78db53e1f61004f4e3b33faa0789d9c2c2538cbfe4ddb331bfaf2424cf5cae8c
updated: 2018-11-16T10:35:12.53870629+09:00
imports:
- name: github.com/aergoio/aergo-actor
  version: b33acec1163b419b28c6a18e5e3f55f336fa7327
  subpackages:
  - actor
  - eventstream
  - internal/queue/goring
  - internal/queue/mpsc
  - mailbox
  - router
- name: github.com/aergoio/aergo-lib
  version: 5ddbd01605af54296ffa23090505cf16b28566a4
  subpackages:
  - config
  - db
  - log
- name: github.com/agl/ed25519
  version: 5312a61534124124185d41f09206b9fef1d88403
  subpackages:
  - edwards25519
  - extra25519
- name: github.com/anaskhan96/base58check
  version: fcff33ba49dde3181fa69fb346f45582e52a3815
- name: github.com/AndreasBriese/bbloom
  version: 343706a395b76e5ca5c7dca46a5d937b48febc74
- name: github.com/apache/thrift
  version: 24918abba929282d6e405fedbc2ef68c3e894136
  subpackages:
  - lib/go/thrift
- name: github.com/btcsuite/btcd
  version: 67e573d211ace594f1366b4ce9d39726c4b19bd0
  subpackages:
  - btcec
- name: github.com/c-bata/go-prompt
  version: b6d2b439b9e406f5438c1afd567b45bd4977b205
- name: github.com/coreos/go-semver
  version: e214231b295a8ea9479f11b70b35d5acf3556d9b
  subpackages:
  - semver
- name: github.com/DataDog/zstd
  version: c7161f8c63c045cbc7ca051dcc969dd0e4054de2
- name: github.com/davecgh/go-spew
  version: 8991bc29aa16c548c550c7ff78260e27b9ab7c73
  subpackages:
  - spew
- name: github.com/derekparker/trie
  version: e608c2733dc704cd4a73f825f4acab8f3c3d4d15
- name: github.com/dgryski/go-farm
  version: 2de33835d10275975374b37b2dcfd22c9020a1f5
- name: github.com/eapache/go-resiliency
  version: ea41b0fad31007accc7f806884dcdf3da98b79ce
  subpackages:
  - breaker
- name: github.com/eapache/go-xerial-snappy
  version: 776d5712da21bc4762676d614db1d8a64f4238b0
- name: github.com/eapache/queue
  version: 093482f3f8ce946c05bcba64badd2c82369e084d
- name: github.com/emirpasic/gods
  version: 7c131f6714175bd4ce484da1f348260c79db3069
  subpackages:
  - containers
  - lists
  - lists/singlylinkedlist
  - stacks
  - stacks/linkedliststack
  - utils
- name: github.com/fd/go-nat
  version: bad65a492f32121a87197f4a085905c35e2a367e
- name: github.com/fsnotify/fsnotify
  version: ccc981bf80385c528a65fbfdd49bf2d8da22aa23
- name: github.com/funkygao/golib
  version: 90d4905c196196cce46e129063a1658fc20619de
  subpackages:
  - threadlocal
- name: github.com/go-logfmt/logfmt
  version: 390ab7935ee28ec6b286364bba9b4dd6410cb3d5
- name: github.com/gogo/protobuf
  version: 636bf0302bc95575d69441b25a2603156ffdddf1
  subpackages:
  - gogoproto
  - io
  - jsonpb
  - proto
  - protoc-gen-gogo/descriptor
  - sortkeys
  - types
- name: github.com/golang/mock
  version: c34cdb4725f4c3844d095133c6e40e448b86589b
  subpackages:
  - gomock
- name: github.com/golang/protobuf
  version: b4deda0973fb4c70b50d226b1af49f3da59f5265
  subpackages:
  - proto
  - ptypes
  - ptypes/any
  - ptypes/duration
  - ptypes/timestamp
- name: github.com/golang/snappy
  version: 2e65f85255dbc3072edf28d6b5b8efc472979f5a
- name: github.com/google/uuid
  version: 9b3b1e0f5f99ae461456d768e7d301a7acdaa2d8
- name: github.com/gorilla/websocket
  version: 483fb8d7c32fcb4b5636cd293a92e3935932e2f4
- name: github.com/grpc-ecosystem/grpc-opentracing
  version: 8e809c8a86450a29b90dcc9efbf062d0fe6d9746
  subpackages:
  - go/otgrpc
- name: github.com/gxed/eventfd
  version: 80a92cca79a8041496ccc9dd773fcb52a57ec6f9
- name: github.com/gxed/GoEndian
  version: 0f5c6873267e5abf306ffcdfcfa4bf77517ef4a7
- name: github.com/gxed/hashland
  version: d9f6b97f8db22dd1e090fd0bbbe98f09cc7dd0a8
  subpackages:
  - keccakpg
- name: github.com/hashicorp/golang-lru
  version: 0fb14efe8c47ae851c0034ed7a448854d3d34cf3
  subpackages:
  - simplelru
- name: github.com/hashicorp/hcl
  version: 65a6292f0157eff210d03ed1bf6c59b190b8b906
  subpackages:
  - hcl/ast
  - hcl/parser
  - hcl/printer
  - hcl/scanner
  - hcl/strconv
  - hcl/token
  - json/parser
  - json/scanner
  - json/token
- name: github.com/huin/goupnp
  version: 656e61dfadd241c7cbdd22a023fa81ecb6860ea8
  subpackages:
  - dcps/internetgateway1
  - dcps/internetgateway2
  - httpu
  - scpd
  - soap
  - ssdp
- name: github.com/improbable-eng/grpc-web
  version: f683dbb3b587cfcc858dcbc2fce782c610fc4979
  subpackages:
  - go/grpcweb
- name: github.com/inconshreveable/mousetrap
  version: 76626ae9c91c4f2a10f34cad8ce83ea42c93bb75
- name: github.com/ipfs/go-log
  version: de9a213953d6ec0e053b56e9d79800565c3fc9ca
  subpackages:
  - tracer
  - tracer/wire
  - writer
- name: github.com/jackpal/gateway
  version: cbcf4e3f3baee7952fc386c8b2534af4d267c875
- name: github.com/jackpal/go-nat-pmp
  version: d89d09f6f3329bc3c2479aa3cafd76a5aa93a35c
- name: github.com/jbenet/go-temp-err-catcher
  version: aac704a3f4f27190b4ccc05f303a4931fd1241ff
- name: github.com/jbenet/goprocess
  version: b497e2f366b8624394fb2e89c10ab607bebdde0b
  subpackages:
  - context
  - periodic
  - ratelimit
- name: github.com/kr/logfmt
  version: b84e30acd515aadc4b783ad4ff83aff3299bdfe0
- name: github.com/libp2p/go-addr-util
  version: 6e2ee01c0ae21694bcc33aaa7d6ce214279134f6
- name: github.com/libp2p/go-buffer-pool
  version: 058210c5a0d042677367d923eb8a6dc072a15f7f
- name: github.com/libp2p/go-conn-security
  version: 42db08f68cdfd8a1ec46eefde49160c2a9559b72
  subpackages:
  - insecure
- name: github.com/libp2p/go-conn-security-multistream
  version: cda5d4f4ed431a63fdba6d48abab2acb9d2c7a9d
- name: github.com/libp2p/go-flow-metrics
  version: 7e5a55af485341567f98d6847a373eb5ddcdcd43
- name: github.com/libp2p/go-libp2p
  version: 2787133b0469926b58dd819707cc4297a3ca7306
  subpackages:
  - config
  - p2p/host/basic
  - p2p/protocol/identify
  - p2p/protocol/identify/pb
- name: github.com/libp2p/go-libp2p-circuit
  version: f83937ed3384bb289ba39ee0c4f428f26013390a
  subpackages:
  - pb
- name: github.com/libp2p/go-libp2p-crypto
  version: 274de1bb6c27780863df6b230c91324ab481dab2
  subpackages:
  - pb
- name: github.com/libp2p/go-libp2p-host
  version: 28ec0a42060315368874a2e09d7cd4dc6102814c
- name: github.com/libp2p/go-libp2p-interface-connmgr
  version: 74fba35f582dc5026b6dc1c43a7616f01c4598a9
- name: github.com/libp2p/go-libp2p-interface-pnet
  version: d240acf619f63dfb776821a1d4d28a918f77edd5
- name: github.com/libp2p/go-libp2p-loggables
  version: 024fce320cf7e720445c400721c6fa6d68c9aaa7
- name: github.com/libp2p/go-libp2p-metrics
  version: 2d5733beaa2a9fdd05ef696d7a734aa61549fb2a
- name: github.com/libp2p/go-libp2p-nat
  version: fe236c4745a2536facac62dc99ec34c56d833d95
- name: github.com/libp2p/go-libp2p-net
  version: c070e8fb6eade68612d96e0fbace731f89897d33
- name: github.com/libp2p/go-libp2p-peer
  version: 993d742bc29dcf4894b7730ba610fd78900be76c
- name: github.com/libp2p/go-libp2p-peerstore
  version: eef8402e045f9a9513070c30d2c4ee78fd54f10b
  subpackages:
  - addr
  - pstoremem
- name: github.com/libp2p/go-libp2p-protocol
  version: e34f0d7468b3519bf9bf4e43c1d028ce651eab51
- name: github.com/libp2p/go-libp2p-secio
  version: eef79c8345f3960fba6c64b0d9f0b4edb71eeb89
  subpackages:
  - pb
- name: github.com/libp2p/go-libp2p-swarm
  version: 67f7e37245d17c8308dcf6ac5f5f0f66797694ef
- name: github.com/libp2p/go-libp2p-transport
  version: 7400b517a07e9f4fceb2674a23ca7b420ee1dd7c
- name: github.com/libp2p/go-libp2p-transport-upgrader
  version: ed09470e54472cd7524f765b832d98d6a495c3da
- name: github.com/libp2p/go-maddr-filter
  version: 9e2c18e714b119399bf9ba45cd26805321bf22b5
- name: github.com/libp2p/go-mplex
  version: f6e0e0f222d6bcd9638a5ca0ccce45fa8ce7a274
- name: github.com/libp2p/go-msgio
  version: 031a413e66129d593337a3f5948d9364e7fc6d43
- name: github.com/libp2p/go-reuseport
  version: 8cfd5f2973c8e2476813120b9a516d9a82eb7c7a
  subpackages:
  - poll
  - singlepoll
- name: github.com/libp2p/go-reuseport-transport
  version: a7633860456a881830bde6a33d0722a4c457a61c
- name: github.com/libp2p/go-sockaddr
  version: a7494d4eefeb607c8bc491cf8850a6e8dbd41cab
  subpackages:
  - net
- name: github.com/libp2p/go-stream-muxer
  version: 9c6bd93eecbbab56630bb2688bb435d9fd1dfeb1
- name: github.com/libp2p/go-tcp-transport
  version: d8a1795b81e6c037cfdc3a31bf81d1b925104751
- name: github.com/libp2p/go-ws-transport
  version: e61db42a8bd8cab398d3a6a982a4db9ad4de4aa0
- name: github.com/magiconair/properties
  version: c2353362d570a7bfa228149c62842019201cfb71
  subpackages:
  - assert
- name: github.com/mattn/go-colorable
  version: 167de6bfdfba052fa6b2d3664c8f5272e23c9072
- name: github.com/mattn/go-isatty
  version: 3fb116b820352b7f0c281308a4d6250c22d94e27
- name: github.com/mattn/go-runewidth
  version: b20a3daf6a39840c202fd42cc23d53607162b045
- name: github.com/mattn/go-tty
  version: 13ff1204f104d52c3f7645ec027ecbcf9026429e
- name: github.com/minio/blake2b-simd
  version: 3f5f724cb5b182a5c278d6d3d55b40e7f8c2efb4
- name: github.com/minio/sha256-simd
  version: ad98a36ba0da87206e3378c556abbfeaeaa98668
- name: github.com/mitchellh/mapstructure
  version: 3536a929edddb9a5b34bd6861dc4a9647cb459fe
- name: github.com/mr-tron/base58
  version: c8897612421d88a51012eaa53bf7267686173ae5
  subpackages:
  - base58
- name: github.com/multiformats/go-multiaddr
  version: 2b4e098f3e0aa2c8bc960f0e4bdc3247efc3749c
- name: github.com/multiformats/go-multiaddr-dns
  version: ab7059599c0215374d05ceb716f54d6ed9bb1d5f
- name: github.com/multiformats/go-multiaddr-net
  version: cba4f9fea8613343eb7ecc4ddadd8e7298a00c39
- name: github.com/multiformats/go-multicodec
  version: 65c82c261bfdac27035eb81f3b0f0fc55edbc536
  subpackages:
  - protobuf
- name: github.com/multiformats/go-multihash
  version: a91e75d03bf4dba801af7b159c8b2aa7b5f47ea8
- name: github.com/multiformats/go-multistream
  version: 2b032632ecab1e1b98c8d2391a4f6ab9a6c9e140
- name: github.com/opentracing-contrib/go-observer
  version: a52f2342449246d5bcc273e65cbdcfa5f7d6c63c
- name: github.com/opentracing/opentracing-go
  version: be550b025b433cdfa2f11efb962afa2ea3c4d967
  subpackages:
  - ext
  - log
- name: github.com/openzipkin-contrib/zipkin-go-opentracing
  version: 26cf9707480e6b90e5eff22cf0bbf05319154232
  subpackages:
  - flag
  - types
- name: github.com/openzipkin/zipkin-go-opentracing
  version: b85dc675b16b116a00c351d2c41305bf9ae71293
  subpackages:
  - flag
  - thrift/gen-go/scribe
  - thrift/gen-go/zipkincore
  - types
  - wire
- name: github.com/orcaman/concurrent-map
  version: b28018939af9022337862b94a463abb18abb3e0e
- name: github.com/pelletier/go-toml
  version: 81a861c69d25a841d0c4394f0e6f84bc8c5afae0
- name: github.com/pierrec/lz4
  version: 623b5a2f4d2a41e411730dcdfbfdaeb5c0c4564e
  subpackages:
  - internal/xxh32
- name: github.com/pkg/errors
  version: 059132a15dd08d6704c67711dae0cf35ab991756
- name: github.com/pkg/term
  version: 93e6c91493094ff99a036fea0040802a1e0a4f69
  subpackages:
  - termios
- name: github.com/pmezard/go-difflib
  version: 792786c7400a136282c1664665ae0a8db921c6c2
  subpackages:
  - difflib
- name: github.com/rcrowley/go-metrics
  version: 3113b8401b8a98917cde58f8bbd42a1b1c03b1fd
- name: github.com/rs/cors
  version: a3460e445dd310dbefee993fe449f2ff9c08ae71
- name: github.com/rs/zerolog
  version: 848482bc3dbeed6a47eb8f8cec0d4484795b1314
  subpackages:
  - internal/cbor
  - internal/json
- name: github.com/satori/go.uuid
  version: 36e9d2ebbde5e3f13ab2e25625fd453271d6522e
- name: github.com/serialx/hashring
  version: 49a4782e9908fe098c907022a1bd7519c79803d6
- name: github.com/Shopify/sarama
  version: f3f4f5f1acf1a26acb582cfb158c2433f37288b4
- name: github.com/soheilhy/cmux
  version: e09e9389d85d8492d313d73d1469c029e710623f
- name: github.com/spaolacci/murmur3
  version: f09979ecbc725b9e6d41a297405f65e7e8804acc
- name: github.com/spf13/afero
  version: d40851caa0d747393da1ffb28f7f9d8b4eeffebd
  subpackages:
  - mem
- name: github.com/spf13/cast
  version: 8c9545af88b134710ab1cd196795e7f2388358d7
- name: github.com/spf13/cobra
  version: ef82de70bb3f60c65fb8eebacbb2d122ef517385
- name: github.com/spf13/jwalterweatherman
  version: 94f6ae3ed3bceceafa716478c5fbf8d29ca601a1
- name: github.com/spf13/pflag
  version: 298182f68c66c05229eb03ac171abe6e309ee79a
- name: github.com/spf13/viper
  version: 2c12c60302a5a0e62ee102ca9bc996277c2f64f5
- name: github.com/stretchr/objx
  version: ef50b0de28773081167c97fc27cf29a0bf8b8c71
- name: github.com/stretchr/testify
  version: f35b8ab0b5a2cef36673838d662e249dd9c94686
  subpackages:
  - assert
  - mock
- name: github.com/sunpuyo/badger
  version: bb757672e2c7e90b0707ab643972dbfcf638aebf
  subpackages:
  - options
  - protos
  - skl
  - table
  - "y"
- name: github.com/syndtr/goleveldb
  version: f9080354173f192dfc8821931eacf9cfd6819253
  subpackages:
  - leveldb
  - leveldb/cache
  - leveldb/comparer
  - leveldb/errors
  - leveldb/filter
  - leveldb/iterator
  - leveldb/journal
  - leveldb/memdb
  - leveldb/opt
  - leveldb/storage
  - leveldb/table
  - leveldb/util
- name: github.com/whyrusleeping/go-logging
  version: 0457bb6b88fc1973573aaf6b5145d8d3ae972390
- name: github.com/whyrusleeping/go-notifier
  version: 097c5d47330ff6a823f67e3515faa13566a62c6f
- name: github.com/whyrusleeping/go-smux-multiplex
  version: c9680d872b8e73a2fc8d9bba3eacabf1e8add80d
- name: github.com/whyrusleeping/go-smux-multistream
  version: e799b10bc6eea2cc5ce18f7b7b4d8e1a0439476d
- name: github.com/whyrusleeping/go-smux-yamux
  version: 49458276a01f7fbc32ff62c8955fa3e852b8e772
- name: github.com/whyrusleeping/mafmt
  version: c75a64cef2f64e7d538e6d43a8c58449ba2ab735
- name: github.com/whyrusleeping/multiaddr-filter
  version: e903e4adabd70b78bc9293b6ee4f359afb3f9f59
- name: github.com/whyrusleeping/yamux
  version: 5364a42fe4b5efa5967c11c8f9b0f049cac0c4a9
- name: github.com/Workiva/go-datastructures
  version: f07cbe3f82ca2fd6e5ab94afce65fe43319f675f
  subpackages:
  - queue
- name: golang.org/x/crypto
  version: e4dc69e5b2fd71dcaf8bd5d054eb936deb78d1fa
  subpackages:
  - blake2s
  - blowfish
  - sha3
  - ssh/terminal
- name: golang.org/x/net
  version: 03003ca0c849e57b6ea29a4bab8d3cb6e4d568fe
  subpackages:
  - context
  - html
  - html/atom
  - html/charset
  - http/httpguts
  - http2
  - http2/hpack
  - idna
  - internal/timeseries
  - trace
- name: golang.org/x/sys
  version: 66b7b1311ac80bbafcd2daeef9a5e6e2cd1e2399
  subpackages:
  - cpu
  - unix
  - windows
- name: golang.org/x/text
  version: 6f44c5a2ea40ee3593d98cdcc905cc1fdaa660e2
  subpackages:
  - encoding
  - encoding/charmap
  - encoding/htmlindex
  - encoding/internal
  - encoding/internal/identifier
  - encoding/japanese
  - encoding/korean
  - encoding/simplifiedchinese
  - encoding/traditionalchinese
  - encoding/unicode
  - internal/language
  - internal/language/compact
  - internal/tag
  - internal/utf8internal
  - language
  - runes
  - secure/bidirule
  - transform
  - unicode/bidi
  - unicode/norm
- name: google.golang.org/genproto
  version: b5d43981345bdb2c233eb4bf3277847b48c6fdc6
  subpackages:
  - googleapis/rpc/status
- name: google.golang.org/grpc
  version: 168a6198bcb0ef175f7dacec0b8691fc141dc9b8
  subpackages:
  - balancer
  - balancer/base
  - balancer/roundrobin
  - codes
  - connectivity
  - credentials
  - encoding
  - encoding/proto
  - grpclog
  - internal
  - internal/backoff
  - internal/channelz
  - internal/grpcrand
  - keepalive
  - metadata
  - naming
  - peer
  - resolver
  - resolver/dns
  - resolver/passthrough
  - stats
  - status
  - tap
  - transport
- name: gopkg.in/yaml.v2
  version: 5420a8b6744d3b0345ab293f6fcba19c978f1183
testImports: []
